
Microsoft Visual Studio Solution File, Format Version 12.00
# Visual Studio Version 17
VisualStudioVersion = 17.10.35122.118
MinimumVisualStudioVersion = 10.0.40219.1
Project("{9A19103F-16F7-4668-BE54-9A1E7A4F7556}") = "devspark_core_web", "devspark_core_web\devspark_core_web.csproj", "{4B5CD7B4-7DEE-4AFC-8103-E49E9BCBC9AE}"
EndProject
Project("{9A19103F-16F7-4668-BE54-9A1E7A4F7556}") = "devspark_core_model", "devspark_core_model\devspark_core_model.csproj", "{2531696B-6B91-4463-B608-BE0D3768C086}"
EndProject
Project("{9A19103F-16F7-4668-BE54-9A1E7A4F7556}") = "devspark_core_business_layer", "devspark_core_business_layer\devspark_core_business_layer.csproj", "{CD935CB8-1E9E-47FA-BB62-1691D2A1DCD1}"
EndProject
Project("{9A19103F-16F7-4668-BE54-9A1E7A4F7556}") = "devspark_core_data_access_layer", "devspark_core_data_access_layer\devspark_core_data_access_layer.csproj", "{F842B54E-8678-49E7-8A80-F7D6C5108A99}"
EndProject
Project("{00D1A9C2-B5F0-4AF3-8072-F6C62B433612}") = "devspark_core_database", "devspark_core_database\devspark_core_database.sqlproj", "{40BF00F3-4825-4DA4-B84B-7C81A492E41A}"
EndProject
Project("{9A19103F-16F7-4668-BE54-9A1E7A4F7556}") = "devspark_core_console_app", "devspark_core_console_app\devspark_core_console_app.csproj", "{5D2CF7A3-CA10-4F24-AF60-02A9D34F74D4}"
EndProject
Global
	GlobalSection(SolutionConfigurationPlatforms) = preSolution
		Debug|Any CPU = Debug|Any CPU
		Release|Any CPU = Release|Any CPU
	EndGlobalSection
	GlobalSection(ProjectConfigurationPlatforms) = postSolution
		{4B5CD7B4-7DEE-4AFC-8103-E49E9BCBC9AE}.Debug|Any CPU.ActiveCfg = Debug|Any CPU
		{4B5CD7B4-7DEE-4AFC-8103-E49E9BCBC9AE}.Debug|Any CPU.Build.0 = Debug|Any CPU
		{4B5CD7B4-7DEE-4AFC-8103-E49E9BCBC9AE}.Release|Any CPU.ActiveCfg = Release|Any CPU
		{4B5CD7B4-7DEE-4AFC-8103-E49E9BCBC9AE}.Release|Any CPU.Build.0 = Release|Any CPU
		{2531696B-6B91-4463-B608-BE0D3768C086}.Debug|Any CPU.ActiveCfg = Debug|Any CPU
		{2531696B-6B91-4463-B608-BE0D3768C086}.Debug|Any CPU.Build.0 = Debug|Any CPU
		{2531696B-6B91-4463-B608-BE0D3768C086}.Release|Any CPU.ActiveCfg = Release|Any CPU
		{2531696B-6B91-4463-B608-BE0D3768C086}.Release|Any CPU.Build.0 = Release|Any CPU
		{CD935CB8-1E9E-47FA-BB62-1691D2A1DCD1}.Debug|Any CPU.ActiveCfg = Debug|Any CPU
		{CD935CB8-1E9E-47FA-BB62-1691D2A1DCD1}.Debug|Any CPU.Build.0 = Debug|Any CPU
		{CD935CB8-1E9E-47FA-BB62-1691D2A1DCD1}.Release|Any CPU.ActiveCfg = Release|Any CPU
		{CD935CB8-1E9E-47FA-BB62-1691D2A1DCD1}.Release|Any CPU.Build.0 = Release|Any CPU
		{F842B54E-8678-49E7-8A80-F7D6C5108A99}.Debug|Any CPU.ActiveCfg = Debug|Any CPU
		{F842B54E-8678-49E7-8A80-F7D6C5108A99}.Debug|Any CPU.Build.0 = Debug|Any CPU
		{F842B54E-8678-49E7-8A80-F7D6C5108A99}.Release|Any CPU.ActiveCfg = Release|Any CPU
		{F842B54E-8678-49E7-8A80-F7D6C5108A99}.Release|Any CPU.Build.0 = Release|Any CPU
		{40BF00F3-4825-4DA4-B84B-7C81A492E41A}.Debug|Any CPU.ActiveCfg = Debug|Any CPU
		{40BF00F3-4825-4DA4-B84B-7C81A492E41A}.Debug|Any CPU.Build.0 = Debug|Any CPU
		{40BF00F3-4825-4DA4-B84B-7C81A492E41A}.Debug|Any CPU.Deploy.0 = Debug|Any CPU
		{40BF00F3-4825-4DA4-B84B-7C81A492E41A}.Release|Any CPU.ActiveCfg = Release|Any CPU
		{40BF00F3-4825-4DA4-B84B-7C81A492E41A}.Release|Any CPU.Build.0 = Release|Any CPU
		{40BF00F3-4825-4DA4-B84B-7C81A492E41A}.Release|Any CPU.Deploy.0 = Release|Any CPU
		{5D2CF7A3-CA10-4F24-AF60-02A9D34F74D4}.Debug|Any CPU.ActiveCfg = Debug|Any CPU
		{5D2CF7A3-CA10-4F24-AF60-02A9D34F74D4}.Debug|Any CPU.Build.0 = Debug|Any CPU
		{5D2CF7A3-CA10-4F24-AF60-02A9D34F74D4}.Release|Any CPU.ActiveCfg = Release|Any CPU
		{5D2CF7A3-CA10-4F24-AF60-02A9D34F74D4}.Release|Any CPU.Build.0 = Release|Any CPU
	EndGlobalSection
	GlobalSection(SolutionProperties) = preSolution
		HideSolutionNode = FALSE
	EndGlobalSection
	GlobalSection(ExtensibilityGlobals) = postSolution
		SolutionGuid = {F93E5A86-2571-4B19-8CD7-D3FEB6BB051E}
	EndGlobalSection
EndGlobal
